<?xml version="1.0" encoding="UTF-8"?>
<Scheme
   LastUpgradeVersion = "0720"
   version = "1.7">
   <BuildAction
      parallelizeBuildables = "YES"
      buildImplicitDependencies = "YES">
      <BuildActionEntries>
         <BuildActionEntry
            buildForTesting = "YES"
            buildForRunning = "YES"
            buildForProfiling = "YES"
            buildForArchiving = "YES"
            buildForAnalyzing = "YES">
            <BuildableReference
               BuildableIdentifier = "primary"
               BlueprintIdentifier = "E8C069711C636629006DBD1D"
               BuildableName = "Parser.app"
               BlueprintName = "Parser"
               ReferencedContainer = "container:Parser.xcodeproj">
            </BuildableReference>
         </BuildActionEntry>
      </BuildActionEntries>
   </BuildAction>
   <TestAction
      buildConfiguration = "Debug"
      selectedDebuggerIdentifier = "Xcode.DebuggerFoundation.Debugger.LLDB"
      selectedLauncherIdentifier = "Xcode.DebuggerFoundation.Launcher.LLDB"
      shouldUseLaunchSchemeArgsEnv = "YES"
      codeCoverageEnabled = "YES">
      <Testables>
         <TestableReference
            skipped = "NO">
            <BuildableReference
               BuildableIdentifier = "primary"
               BlueprintIdentifier = "E8C069851C636629006DBD1D"
               BuildableName = "ParserTests.xctest"
               BlueprintName = "ParserTests"
               ReferencedContainer = "container:Parser.xcodeproj">
            </BuildableReference>
            <SkippedTests>
               <Test
                  Identifier = "ParserTests">
               </Test>
            </SkippedTests>
         </TestableReference>
         <TestableReference
            skipped = "YES">
            <BuildableReference
               BuildableIdentifier = "primary"
               BlueprintIdentifier = "E8C069901C636629006DBD1D"
               BuildableName = "ParserUITests.xctest"
               BlueprintName = "ParserUITests"
               ReferencedContainer = "container:Parser.xcodeproj">
            </BuildableReference>
         </TestableReference>
      </Testables>
      <MacroExpansion>
         <BuildableReference
            BuildableIdentifier = "primary"
            BlueprintIdentifier = "E8C069711C636629006DBD1D"
            BuildableName = "Parser.app"
            BlueprintName = "Parser"
            ReferencedContainer = "container:Parser.xcodeproj">
         </BuildableReference>
      </MacroExpansion>
      <AdditionalOptions>
      </AdditionalOptions>
   </TestAction>
   <LaunchAction
      buildConfiguration = "Debug"
      selectedDebuggerIdentifier = "Xcode.DebuggerFoundation.Debugger.LLDB"
      selectedLauncherIdentifier = "Xcode.DebuggerFoundation.Launcher.LLDB"
      launchStyle = "0"
      useCustomWorkingDirectory = "NO"
      ignoresPersistentStateOnLaunch = "NO"
      debugDocumentVersioning = "YES"
      debugServiceExtension = "internal"
      allowLocationSimulation = "YES">
      <PostActions>
         <ExecutionAction
            ActionType = "Xcode.IDEStandardExecutionActionsCore.ExecutionActionType.ShellScriptAction">
            <ActionContent
               title = "Run Script"
               scriptText = "echo &quot;########### TESTS #############&quot;&#10;echo &quot;Use the following variables when debugging this script; note that they may change on recursions&quot;&#10;echo &quot;BUILD_DIR = $BUILD_DIR&quot;&#10;echo &quot;BUILD_ROOT = $BUILD_ROOT&quot;&#10;echo &quot;CONFIGURATION_BUILD_DIR = $CONFIGURATION_BUILD_DIR&quot;&#10;echo &quot;BUILT_PRODUCTS_DIR = $BUILT_PRODUCTS_DIR&quot;&#10;echo &quot;CONFIGURATION_TEMP_DIR = $CONFIGURATION_TEMP_DIR&quot;&#10;echo &quot;TARGET_BUILD_DIR = $TARGET_BUILD_DIR&quot;">
               <EnvironmentBuildable>
                  <BuildableReference
                     BuildableIdentifier = "primary"
                     BlueprintIdentifier = "E8C069711C636629006DBD1D"
                     BuildableName = "Parser.app"
                     BlueprintName = "Parser"
                     ReferencedContainer = "container:Parser.xcodeproj">
                  </BuildableReference>
               </EnvironmentBuildable>
            </ActionContent>
         </ExecutionAction>
      </PostActions>
      <BuildableProductRunnable
         runnableDebuggingMode = "0">
         <BuildableReference
            BuildableIdentifier = "primary"
            BlueprintIdentifier = "E8C069711C636629006DBD1D"
            BuildableName = "Parser.app"
            BlueprintName = "Parser"
            ReferencedContainer = "container:Parser.xcodeproj">
         </BuildableReference>
      </BuildableProductRunnable>
      <AdditionalOptions>
      </AdditionalOptions>
   </LaunchAction>
   <ProfileAction
      buildConfiguration = "Release"
      shouldUseLaunchSchemeArgsEnv = "YES"
      savedToolIdentifier = ""
      useCustomWorkingDirectory = "NO"
      debugDocumentVersioning = "YES">
      <BuildableProductRunnable
         runnableDebuggingMode = "0">
         <BuildableReference
            BuildableIdentifier = "primary"
            BlueprintIdentifier = "E8C069711C636629006DBD1D"
            BuildableName = "Parser.app"
            BlueprintName = "Parser"
            ReferencedContainer = "container:Parser.xcodeproj">
         </BuildableReference>
      </BuildableProductRunnable>
   </ProfileAction>
   <AnalyzeAction
      buildConfiguration = "Debug">
   </AnalyzeAction>
   <ArchiveAction
      buildConfiguration = "Release"
      revealArchiveInOrganizer = "YES">
   </ArchiveAction>
</Scheme>
